<?xml version="1.0" encoding="utf-8"?>
<Project ToolsVersion="4.0" xmlns="http://schemas.microsoft.com/developer/msbuild/2003">
  <ItemGroup>
    <Filter Include="Source Files">
      <UniqueIdentifier>{4FC737F1-C7A5-4376-A066-2A32D752A2FF}</UniqueIdentifier>
      <Extensions>cpp;c;cc;cxx;c++;cppm;ixx;def;odl;idl;hpj;bat;asm;asmx</Extensions>
    </Filter>
    <Filter Include="Header Files">
      <UniqueIdentifier>{93995380-89BD-4b04-88EB-625FBE52EBFB}</UniqueIdentifier>
      <Extensions>h;hh;hpp;hxx;h++;hm;inl;inc;ipp;xsd</Extensions>
    </Filter>
    <Filter Include="Resource Files">
      <UniqueIdentifier>{67DA6AB6-F800-4c08-8B7A-83BB121AAD01}</UniqueIdentifier>
      <Extensions>rc;ico;cur;bmp;dlg;rc2;rct;bin;rgs;gif;jpg;jpeg;jpe;resx;tiff;tif;png;wav;mfcribbon-ms</Extensions>
    </Filter>
  </ItemGroup>
  <ItemGroup>
    <ClCompile Include="chuta.cpp">
      <Filter>Source Files</Filter>
    </ClCompile>
    <ClCompile Include="forca.cpp">
      <Filter>Source Files</Filter>
    </ClCompile>
    <ClCompile Include="ganhou.cpp">
      <Filter>Source Files</Filter>
    </ClCompile>
    <ClCompile Include="imprimechuteserrados.cpp">
      <Filter>Source Files</Filter>
    </ClCompile>
    <ClCompile Include="imprimepalavrasecreta.cpp">
      <Filter>Source Files</Filter>
    </ClCompile>
    <ClCompile Include="inserirnovapalavra.cpp">
      <Filter>Source Files</Filter>
    </ClCompile>
    <ClCompile Include="letodaspalavras.cpp">
      <Filter>Source Files</Filter>
    </ClCompile>
    <ClCompile Include="letraexiste.cpp">
      <Filter>Source Files</Filter>
    </ClCompile>
    <ClCompile Include="sorteiapalavra.cpp">
      <Filter>Source Files</Filter>
    </ClCompile>
  </ItemGroup>
  <ItemGroup>
    <ClInclude Include="chuta.hpp">
      <Filter>Header Files</Filter>
    </ClInclude>
    <ClInclude Include="ganhou.hpp">
      <Filter>Header Files</Filter>
    </ClInclude>
    <ClInclude Include="imprimecabecalho.hpp">
      <Filter>Header Files</Filter>
    </ClInclude>
    <ClInclude Include="imprimechuteserrados.hpp">
      <Filter>Header Files</Filter>
    </ClInclude>
    <ClInclude Include="imprimepalavrasecreta.hpp">
      <Filter>Header Files</Filter>
    </ClInclude>
    <ClInclude Include="inserirnovapalavra.hpp">
      <Filter>Header Files</Filter>
    </ClInclude>
    <ClInclude Include="letodaspalavras.hpp">
      <Filter>Header Files</Filter>
    </ClInclude>
    <ClInclude Include="letraexiste.hpp">
      <Filter>Header Files</Filter>
    </ClInclude>
    <ClInclude Include="sorteiapalavra.hpp">
      <Filter>Header Files</Filter>
    </ClInclude>
  </ItemGroup>
</Project>